
Microsoft Visual Studio Solution File, Format Version 12.00
# Visual Studio 15
VisualStudioVersion = 15.0.28307.168
MinimumVisualStudioVersion = 10.0.40219.1
Project("{FAE04EC0-301F-11D3-BF4B-00C04F79EFBC}") = "lab_vinfinita", "lab_vinfinita\lab_vinfinita.csproj", "{AB00C67A-9834-4309-82A1-1B2EE9DC05CB}"
EndProject
Global
	GlobalSection(SolutionConfigurationPlatforms) = preSolution
		Debug|Any CPU = Debug|Any CPU
		Release|Any CPU = Release|Any CPU
	EndGlobalSection
	GlobalSection(ProjectConfigurationPlatforms) = postSolution
		{AB00C67A-9834-4309-82A1-1B2EE9DC05CB}.Debug|Any CPU.ActiveCfg = Debug|Any CPU
		{AB00C67A-9834-4309-82A1-1B2EE9DC05CB}.Debug|Any CPU.Build.0 = Debug|Any CPU
		{AB00C67A-9834-4309-82A1-1B2EE9DC05CB}.Release|Any CPU.ActiveCfg = Release|Any CPU
		{AB00C67A-9834-4309-82A1-1B2EE9DC05CB}.Release|Any CPU.Build.0 = Release|Any CPU
	EndGlobalSection
	GlobalSection(SolutionProperties) = preSolution
		HideSolutionNode = FALSE
	EndGlobalSection
	GlobalSection(ExtensibilityGlobals) = postSolution
		SolutionGuid = {7714C737-555D-40C4-9504-2E5CDA571A89}
	EndGlobalSection
EndGlobal
